{
  "originHash" : "c7b041f86496651889910c3fbfccd2d5d4da080d01d9241e3574d80285e03ef5",
  "pins" : [
    {
      "identity" : "fluidaudio",
      "kind" : "remoteSourceControl",
      "location" : "https://github.com/FluidInference/FluidAudio",
      "state" : {
        "branch" : "main",
        "revision" : "1fdae40660a1ef6cead77cb42f7346e2b51ac317"
      }
    }
  ],
  "version" : 3
}
