{
  "originHash" : "65201bc551f7379dec7d0f03814a1a2f59d8f7953ba2df1901cc65906e81e9de",
  "pins" : [
    {
      "identity" : "fluidaudio",
      "kind" : "remoteSourceControl",
      "location" : "https://github.com/FluidInference/FluidAudio",
      "state" : {
        "branch" : "main",
        "revision" : "1fdae40660a1ef6cead77cb42f7346e2b51ac317"
      }
    }
  ],
  "version" : 3
}
